
Microsoft Visual Studio Solution File, Format Version 12.00
Project("{2150E333-8FDC-42A3-9474-1A3956D46DE8}") = "src", "src", "{6B662E0C-65C1-4507-9132-57E72651B81C}"
EndProject
Project("{2150E333-8FDC-42A3-9474-1A3956D46DE8}") = "AuthenticationService", "AuthenticationService", "{76802F51-CF7A-4710-A516-F9FDF10C1ED2}"
EndProject
Project("{2150E333-8FDC-42A3-9474-1A3956D46DE8}") = "SensorDataService", "SensorDataService", "{5269240D-CACA-409E-932E-AB02C69B2DFA}"
EndProject
Project("{2150E333-8FDC-42A3-9474-1A3956D46DE8}") = "NotificationService", "NotificationService", "{9D171908-4692-4D57-A2AA-B62906C1724C}"
EndProject
Project("{FAE04EC0-301F-11D3-BF4B-00C04F79EFBC}") = "SensorDataService.API", "SensorDataService.API\SensorDataService.API.csproj", "{783314AC-C5E1-4181-8886-85F17F89BF87}"
EndProject
Project("{FAE04EC0-301F-11D3-BF4B-00C04F79EFBC}") = "SensorDataService.Domain", "SensorDataService.Domain\SensorDataService.Domain.csproj", "{28F0FD4A-2606-492C-830E-6A97AB2C1AB9}"
EndProject
Project("{FAE04EC0-301F-11D3-BF4B-00C04F79EFBC}") = "SensorDataService.Application", "SensorDataService.Application\SensorDataService.Application.csproj", "{43CF60AF-5E50-4642-9D0C-5610621624DF}"
EndProject
Project("{FAE04EC0-301F-11D3-BF4B-00C04F79EFBC}") = "SensorDataService.Infrastructure", "SensorDataService.Infrastructure\SensorDataService.Infrastructure.csproj", "{4287B150-E568-4094-946D-DF8E89F16DFA}"
EndProject
Project("{FAE04EC0-301F-11D3-BF4B-00C04F79EFBC}") = "AuthenticationService.Domain", "AuthenticationService.Domain\AuthenticationService.Domain.csproj", "{D55195A2-61E3-433C-9913-F680B7B5DCC2}"
EndProject
Project("{FAE04EC0-301F-11D3-BF4B-00C04F79EFBC}") = "AuthenticationService.Application", "AuthenticationService.Application\AuthenticationService.Application.csproj", "{B17C85A5-F9FE-4AF3-B63D-5A4D8588DFF4}"
EndProject
Project("{FAE04EC0-301F-11D3-BF4B-00C04F79EFBC}") = "AuthenticationService.Infrastructure", "AuthenticationService.Infrastructure\AuthenticationService.Infrastructure.csproj", "{EFAE6A1A-E8AC-49E2-84C8-AB1A267CDB50}"
EndProject
Project("{FAE04EC0-301F-11D3-BF4B-00C04F79EFBC}") = "AuthenticationService.API", "AuthenticationService.API\AuthenticationService.API.csproj", "{CCBD75E4-5310-4484-975A-71F02C9E3974}"
EndProject
Project("{2150E333-8FDC-42A3-9474-1A3956D46DE8}") = "EmailService", "EmailService", "{A434A727-29C5-4140-9A3D-CB9DC6167F79}"
EndProject
Project("{FAE04EC0-301F-11D3-BF4B-00C04F79EFBC}") = "EmailService.Domain", "EmailService.Domain\EmailService.Domain.csproj", "{A07D5D01-587F-40EA-A9CE-D5A383D80E98}"
EndProject
Project("{FAE04EC0-301F-11D3-BF4B-00C04F79EFBC}") = "EmailService.Application", "EmailService.Application\EmailService.Application.csproj", "{F110F4BD-34A8-41CD-B1AA-53917C4DEDA6}"
EndProject
Project("{FAE04EC0-301F-11D3-BF4B-00C04F79EFBC}") = "EmailService.Insfrastructure", "EmailService.Insfrastructure\EmailService.Insfrastructure.csproj", "{951C6A2C-AEA6-48B6-9700-4C7EB4D74719}"
EndProject
Project("{FAE04EC0-301F-11D3-BF4B-00C04F79EFBC}") = "EmailService.API", "EmailService.API\EmailService.API.csproj", "{4ECC6EE9-E003-4D82-AD0E-00FCAD849509}"
EndProject
Project("{2150E333-8FDC-42A3-9474-1A3956D46DE8}") = "AccessControlService", "AccessControlService", "{CAD7AAB0-D645-49A2-8152-C466BFA009DE}"
EndProject
Project("{FAE04EC0-301F-11D3-BF4B-00C04F79EFBC}") = "AccessControlService.API", "AccessControlService.API\AccessControlService.API.csproj", "{6832C31C-56A7-4F2A-B396-165718561C9F}"
EndProject
Project("{FAE04EC0-301F-11D3-BF4B-00C04F79EFBC}") = "AccessControlService.Application", "AccessControlService.Application\AccessControlService.Application.csproj", "{BC41932E-CCCD-4908-9816-8424A49E0098}"
EndProject
Project("{FAE04EC0-301F-11D3-BF4B-00C04F79EFBC}") = "AccessControlService.Domain", "AccessControlService.Domain\AccessControlService.Domain.csproj", "{9132D45A-0194-46B8-94C1-F29F3DCBEC82}"
EndProject
Project("{FAE04EC0-301F-11D3-BF4B-00C04F79EFBC}") = "AccessControlService.Infrastructure", "AccessControlService.Infrastructure\AccessControlService.Infrastructure.csproj", "{D274EE79-6547-4102-8976-803331C7FFCA}"
EndProject
Global
	GlobalSection(SolutionConfigurationPlatforms) = preSolution
		Debug|Any CPU = Debug|Any CPU
		Release|Any CPU = Release|Any CPU
	EndGlobalSection
	GlobalSection(ProjectConfigurationPlatforms) = postSolution
		{783314AC-C5E1-4181-8886-85F17F89BF87}.Debug|Any CPU.ActiveCfg = Debug|Any CPU
		{783314AC-C5E1-4181-8886-85F17F89BF87}.Debug|Any CPU.Build.0 = Debug|Any CPU
		{783314AC-C5E1-4181-8886-85F17F89BF87}.Release|Any CPU.ActiveCfg = Release|Any CPU
		{783314AC-C5E1-4181-8886-85F17F89BF87}.Release|Any CPU.Build.0 = Release|Any CPU
		{28F0FD4A-2606-492C-830E-6A97AB2C1AB9}.Debug|Any CPU.ActiveCfg = Debug|Any CPU
		{28F0FD4A-2606-492C-830E-6A97AB2C1AB9}.Debug|Any CPU.Build.0 = Debug|Any CPU
		{28F0FD4A-2606-492C-830E-6A97AB2C1AB9}.Release|Any CPU.ActiveCfg = Release|Any CPU
		{28F0FD4A-2606-492C-830E-6A97AB2C1AB9}.Release|Any CPU.Build.0 = Release|Any CPU
		{43CF60AF-5E50-4642-9D0C-5610621624DF}.Debug|Any CPU.ActiveCfg = Debug|Any CPU
		{43CF60AF-5E50-4642-9D0C-5610621624DF}.Debug|Any CPU.Build.0 = Debug|Any CPU
		{43CF60AF-5E50-4642-9D0C-5610621624DF}.Release|Any CPU.ActiveCfg = Release|Any CPU
		{43CF60AF-5E50-4642-9D0C-5610621624DF}.Release|Any CPU.Build.0 = Release|Any CPU
		{4287B150-E568-4094-946D-DF8E89F16DFA}.Debug|Any CPU.ActiveCfg = Debug|Any CPU
		{4287B150-E568-4094-946D-DF8E89F16DFA}.Debug|Any CPU.Build.0 = Debug|Any CPU
		{4287B150-E568-4094-946D-DF8E89F16DFA}.Release|Any CPU.ActiveCfg = Release|Any CPU
		{4287B150-E568-4094-946D-DF8E89F16DFA}.Release|Any CPU.Build.0 = Release|Any CPU
		{D55195A2-61E3-433C-9913-F680B7B5DCC2}.Debug|Any CPU.ActiveCfg = Debug|Any CPU
		{D55195A2-61E3-433C-9913-F680B7B5DCC2}.Debug|Any CPU.Build.0 = Debug|Any CPU
		{D55195A2-61E3-433C-9913-F680B7B5DCC2}.Release|Any CPU.ActiveCfg = Release|Any CPU
		{D55195A2-61E3-433C-9913-F680B7B5DCC2}.Release|Any CPU.Build.0 = Release|Any CPU
		{B17C85A5-F9FE-4AF3-B63D-5A4D8588DFF4}.Debug|Any CPU.ActiveCfg = Debug|Any CPU
		{B17C85A5-F9FE-4AF3-B63D-5A4D8588DFF4}.Debug|Any CPU.Build.0 = Debug|Any CPU
		{B17C85A5-F9FE-4AF3-B63D-5A4D8588DFF4}.Release|Any CPU.ActiveCfg = Release|Any CPU
		{B17C85A5-F9FE-4AF3-B63D-5A4D8588DFF4}.Release|Any CPU.Build.0 = Release|Any CPU
		{EFAE6A1A-E8AC-49E2-84C8-AB1A267CDB50}.Debug|Any CPU.ActiveCfg = Debug|Any CPU
		{EFAE6A1A-E8AC-49E2-84C8-AB1A267CDB50}.Debug|Any CPU.Build.0 = Debug|Any CPU
		{EFAE6A1A-E8AC-49E2-84C8-AB1A267CDB50}.Release|Any CPU.ActiveCfg = Release|Any CPU
		{EFAE6A1A-E8AC-49E2-84C8-AB1A267CDB50}.Release|Any CPU.Build.0 = Release|Any CPU
		{CCBD75E4-5310-4484-975A-71F02C9E3974}.Debug|Any CPU.ActiveCfg = Debug|Any CPU
		{CCBD75E4-5310-4484-975A-71F02C9E3974}.Debug|Any CPU.Build.0 = Debug|Any CPU
		{CCBD75E4-5310-4484-975A-71F02C9E3974}.Release|Any CPU.ActiveCfg = Release|Any CPU
		{CCBD75E4-5310-4484-975A-71F02C9E3974}.Release|Any CPU.Build.0 = Release|Any CPU
		{A07D5D01-587F-40EA-A9CE-D5A383D80E98}.Debug|Any CPU.ActiveCfg = Debug|Any CPU
		{A07D5D01-587F-40EA-A9CE-D5A383D80E98}.Debug|Any CPU.Build.0 = Debug|Any CPU
		{A07D5D01-587F-40EA-A9CE-D5A383D80E98}.Release|Any CPU.ActiveCfg = Release|Any CPU
		{A07D5D01-587F-40EA-A9CE-D5A383D80E98}.Release|Any CPU.Build.0 = Release|Any CPU
		{F110F4BD-34A8-41CD-B1AA-53917C4DEDA6}.Debug|Any CPU.ActiveCfg = Debug|Any CPU
		{F110F4BD-34A8-41CD-B1AA-53917C4DEDA6}.Debug|Any CPU.Build.0 = Debug|Any CPU
		{F110F4BD-34A8-41CD-B1AA-53917C4DEDA6}.Release|Any CPU.ActiveCfg = Release|Any CPU
		{F110F4BD-34A8-41CD-B1AA-53917C4DEDA6}.Release|Any CPU.Build.0 = Release|Any CPU
		{951C6A2C-AEA6-48B6-9700-4C7EB4D74719}.Debug|Any CPU.ActiveCfg = Debug|Any CPU
		{951C6A2C-AEA6-48B6-9700-4C7EB4D74719}.Debug|Any CPU.Build.0 = Debug|Any CPU
		{951C6A2C-AEA6-48B6-9700-4C7EB4D74719}.Release|Any CPU.ActiveCfg = Release|Any CPU
		{951C6A2C-AEA6-48B6-9700-4C7EB4D74719}.Release|Any CPU.Build.0 = Release|Any CPU
		{4ECC6EE9-E003-4D82-AD0E-00FCAD849509}.Debug|Any CPU.ActiveCfg = Debug|Any CPU
		{4ECC6EE9-E003-4D82-AD0E-00FCAD849509}.Debug|Any CPU.Build.0 = Debug|Any CPU
		{4ECC6EE9-E003-4D82-AD0E-00FCAD849509}.Release|Any CPU.ActiveCfg = Release|Any CPU
		{4ECC6EE9-E003-4D82-AD0E-00FCAD849509}.Release|Any CPU.Build.0 = Release|Any CPU
		{6832C31C-56A7-4F2A-B396-165718561C9F}.Debug|Any CPU.ActiveCfg = Debug|Any CPU
		{6832C31C-56A7-4F2A-B396-165718561C9F}.Debug|Any CPU.Build.0 = Debug|Any CPU
		{6832C31C-56A7-4F2A-B396-165718561C9F}.Release|Any CPU.ActiveCfg = Release|Any CPU
		{6832C31C-56A7-4F2A-B396-165718561C9F}.Release|Any CPU.Build.0 = Release|Any CPU
		{BC41932E-CCCD-4908-9816-8424A49E0098}.Debug|Any CPU.ActiveCfg = Debug|Any CPU
		{BC41932E-CCCD-4908-9816-8424A49E0098}.Debug|Any CPU.Build.0 = Debug|Any CPU
		{BC41932E-CCCD-4908-9816-8424A49E0098}.Release|Any CPU.ActiveCfg = Release|Any CPU
		{BC41932E-CCCD-4908-9816-8424A49E0098}.Release|Any CPU.Build.0 = Release|Any CPU
		{9132D45A-0194-46B8-94C1-F29F3DCBEC82}.Debug|Any CPU.ActiveCfg = Debug|Any CPU
		{9132D45A-0194-46B8-94C1-F29F3DCBEC82}.Debug|Any CPU.Build.0 = Debug|Any CPU
		{9132D45A-0194-46B8-94C1-F29F3DCBEC82}.Release|Any CPU.ActiveCfg = Release|Any CPU
		{9132D45A-0194-46B8-94C1-F29F3DCBEC82}.Release|Any CPU.Build.0 = Release|Any CPU
		{D274EE79-6547-4102-8976-803331C7FFCA}.Debug|Any CPU.ActiveCfg = Debug|Any CPU
		{D274EE79-6547-4102-8976-803331C7FFCA}.Debug|Any CPU.Build.0 = Debug|Any CPU
		{D274EE79-6547-4102-8976-803331C7FFCA}.Release|Any CPU.ActiveCfg = Release|Any CPU
		{D274EE79-6547-4102-8976-803331C7FFCA}.Release|Any CPU.Build.0 = Release|Any CPU
	EndGlobalSection
	GlobalSection(NestedProjects) = preSolution
		{76802F51-CF7A-4710-A516-F9FDF10C1ED2} = {6B662E0C-65C1-4507-9132-57E72651B81C}
		{5269240D-CACA-409E-932E-AB02C69B2DFA} = {6B662E0C-65C1-4507-9132-57E72651B81C}
		{9D171908-4692-4D57-A2AA-B62906C1724C} = {6B662E0C-65C1-4507-9132-57E72651B81C}
		{783314AC-C5E1-4181-8886-85F17F89BF87} = {5269240D-CACA-409E-932E-AB02C69B2DFA}
		{28F0FD4A-2606-492C-830E-6A97AB2C1AB9} = {5269240D-CACA-409E-932E-AB02C69B2DFA}
		{43CF60AF-5E50-4642-9D0C-5610621624DF} = {5269240D-CACA-409E-932E-AB02C69B2DFA}
		{4287B150-E568-4094-946D-DF8E89F16DFA} = {5269240D-CACA-409E-932E-AB02C69B2DFA}
		{D55195A2-61E3-433C-9913-F680B7B5DCC2} = {76802F51-CF7A-4710-A516-F9FDF10C1ED2}
		{B17C85A5-F9FE-4AF3-B63D-5A4D8588DFF4} = {76802F51-CF7A-4710-A516-F9FDF10C1ED2}
		{EFAE6A1A-E8AC-49E2-84C8-AB1A267CDB50} = {76802F51-CF7A-4710-A516-F9FDF10C1ED2}
		{CCBD75E4-5310-4484-975A-71F02C9E3974} = {76802F51-CF7A-4710-A516-F9FDF10C1ED2}
		{A434A727-29C5-4140-9A3D-CB9DC6167F79} = {6B662E0C-65C1-4507-9132-57E72651B81C}
		{A07D5D01-587F-40EA-A9CE-D5A383D80E98} = {A434A727-29C5-4140-9A3D-CB9DC6167F79}
		{F110F4BD-34A8-41CD-B1AA-53917C4DEDA6} = {A434A727-29C5-4140-9A3D-CB9DC6167F79}
		{951C6A2C-AEA6-48B6-9700-4C7EB4D74719} = {A434A727-29C5-4140-9A3D-CB9DC6167F79}
		{4ECC6EE9-E003-4D82-AD0E-00FCAD849509} = {A434A727-29C5-4140-9A3D-CB9DC6167F79}
		{CAD7AAB0-D645-49A2-8152-C466BFA009DE} = {6B662E0C-65C1-4507-9132-57E72651B81C}
		{6832C31C-56A7-4F2A-B396-165718561C9F} = {CAD7AAB0-D645-49A2-8152-C466BFA009DE}
		{BC41932E-CCCD-4908-9816-8424A49E0098} = {CAD7AAB0-D645-49A2-8152-C466BFA009DE}
		{9132D45A-0194-46B8-94C1-F29F3DCBEC82} = {CAD7AAB0-D645-49A2-8152-C466BFA009DE}
		{D274EE79-6547-4102-8976-803331C7FFCA} = {CAD7AAB0-D645-49A2-8152-C466BFA009DE}
	EndGlobalSection
EndGlobal
